
Microsoft Visual Studio Solution File, Format Version 12.00
# Visual Studio Version 16
VisualStudioVersion = 16.0.30907.101
MinimumVisualStudioVersion = 10.0.40219.1
Project("{9A19103F-16F7-4668-BE54-9A1E7A4F7556}") = "WorkSafeWebSite", "WorkSafeWebSite\WorkSafeWebSite.csproj", "{AB365050-BEC3-4523-9F6C-16585FF9121C}"
EndProject
Project("{9A19103F-16F7-4668-BE54-9A1E7A4F7556}") = "CoreWebApp-Test2", "..\..\CoreWebApp-Test2\CoreWebApp-Test2.csproj", "{13FE76AA-6BD0-433E-8519-C28FAADAFCEB}"
EndProject
Global
	GlobalSection(SolutionConfigurationPlatforms) = preSolution
		Debug|Any CPU = Debug|Any CPU
		Release|Any CPU = Release|Any CPU
	EndGlobalSection
	GlobalSection(ProjectConfigurationPlatforms) = postSolution
		{AB365050-BEC3-4523-9F6C-16585FF9121C}.Debug|Any CPU.ActiveCfg = Debug|Any CPU
		{AB365050-BEC3-4523-9F6C-16585FF9121C}.Debug|Any CPU.Build.0 = Debug|Any CPU
		{AB365050-BEC3-4523-9F6C-16585FF9121C}.Release|Any CPU.ActiveCfg = Release|Any CPU
		{AB365050-BEC3-4523-9F6C-16585FF9121C}.Release|Any CPU.Build.0 = Release|Any CPU
		{13FE76AA-6BD0-433E-8519-C28FAADAFCEB}.Debug|Any CPU.ActiveCfg = Debug|Any CPU
		{13FE76AA-6BD0-433E-8519-C28FAADAFCEB}.Debug|Any CPU.Build.0 = Debug|Any CPU
		{13FE76AA-6BD0-433E-8519-C28FAADAFCEB}.Release|Any CPU.ActiveCfg = Release|Any CPU
		{13FE76AA-6BD0-433E-8519-C28FAADAFCEB}.Release|Any CPU.Build.0 = Release|Any CPU
	EndGlobalSection
	GlobalSection(SolutionProperties) = preSolution
		HideSolutionNode = FALSE
	EndGlobalSection
	GlobalSection(ExtensibilityGlobals) = postSolution
		SolutionGuid = {7E251A57-0918-4880-A3C7-EA77D8438867}
	EndGlobalSection
EndGlobal
